
Microsoft Visual Studio Solution File, Format Version 12.00
# Visual Studio Version 17
VisualStudioVersion = 17.11.35312.102
MinimumVisualStudioVersion = 10.0.40219.1
Project("{9A19103F-16F7-4668-BE54-9A1E7A4F7556}") = "floorAndWalls", "floorAndWalls\floorAndWalls.csproj", "{A46C1E56-B492-4724-AB63-4A79A59E4838}"
EndProject
Project("{9A19103F-16F7-4668-BE54-9A1E7A4F7556}") = "PaintProject", "PaintProject\PaintProject.csproj", "{BE8DE3D8-D610-484C-BAFB-9D95174F3023}"
EndProject
Project("{FAE04EC0-301F-11D3-BF4B-00C04F79EFBC}") = "PaintProjectTest", "PaintProjectTest\PaintProjectTest.csproj", "{A2CDA5EC-C8A3-4BCD-9E35-78B1BE5DBAB8}"
EndProject
Global
	GlobalSection(SolutionConfigurationPlatforms) = preSolution
		Debug|Any CPU = Debug|Any CPU
		Release|Any CPU = Release|Any CPU
	EndGlobalSection
	GlobalSection(ProjectConfigurationPlatforms) = postSolution
		{A46C1E56-B492-4724-AB63-4A79A59E4838}.Debug|Any CPU.ActiveCfg = Debug|Any CPU
		{A46C1E56-B492-4724-AB63-4A79A59E4838}.Debug|Any CPU.Build.0 = Debug|Any CPU
		{A46C1E56-B492-4724-AB63-4A79A59E4838}.Release|Any CPU.ActiveCfg = Release|Any CPU
		{A46C1E56-B492-4724-AB63-4A79A59E4838}.Release|Any CPU.Build.0 = Release|Any CPU
		{BE8DE3D8-D610-484C-BAFB-9D95174F3023}.Debug|Any CPU.ActiveCfg = Debug|Any CPU
		{BE8DE3D8-D610-484C-BAFB-9D95174F3023}.Debug|Any CPU.Build.0 = Debug|Any CPU
		{BE8DE3D8-D610-484C-BAFB-9D95174F3023}.Release|Any CPU.ActiveCfg = Release|Any CPU
		{BE8DE3D8-D610-484C-BAFB-9D95174F3023}.Release|Any CPU.Build.0 = Release|Any CPU
		{A2CDA5EC-C8A3-4BCD-9E35-78B1BE5DBAB8}.Debug|Any CPU.ActiveCfg = Debug|Any CPU
		{A2CDA5EC-C8A3-4BCD-9E35-78B1BE5DBAB8}.Debug|Any CPU.Build.0 = Debug|Any CPU
		{A2CDA5EC-C8A3-4BCD-9E35-78B1BE5DBAB8}.Release|Any CPU.ActiveCfg = Release|Any CPU
		{A2CDA5EC-C8A3-4BCD-9E35-78B1BE5DBAB8}.Release|Any CPU.Build.0 = Release|Any CPU
	EndGlobalSection
	GlobalSection(SolutionProperties) = preSolution
		HideSolutionNode = FALSE
	EndGlobalSection
	GlobalSection(ExtensibilityGlobals) = postSolution
		SolutionGuid = {59A3DC80-674A-4F18-A0B0-A38A2D5A4C8D}
	EndGlobalSection
EndGlobal
